
Microsoft Visual Studio Solution File, Format Version 12.00
# Visual Studio Version 17
VisualStudioVersion = 17.11.35219.272
MinimumVisualStudioVersion = 10.0.40219.1
Project("{F2A71F9B-5D33-465A-A702-920D77279786}") = "fivePM", "fivePM.fsproj", "{049A9710-FDFC-4602-AE29-54178E25B107}"
EndProject
Global
	GlobalSection(SolutionConfigurationPlatforms) = preSolution
		Debug|Any CPU = Debug|Any CPU
		Release|Any CPU = Release|Any CPU
	EndGlobalSection
	GlobalSection(ProjectConfigurationPlatforms) = postSolution
		{049A9710-FDFC-4602-AE29-54178E25B107}.Debug|Any CPU.ActiveCfg = Debug|Any CPU
		{049A9710-FDFC-4602-AE29-54178E25B107}.Debug|Any CPU.Build.0 = Debug|Any CPU
		{049A9710-FDFC-4602-AE29-54178E25B107}.Release|Any CPU.ActiveCfg = Release|Any CPU
		{049A9710-FDFC-4602-AE29-54178E25B107}.Release|Any CPU.Build.0 = Release|Any CPU
	EndGlobalSection
	GlobalSection(SolutionProperties) = preSolution
		HideSolutionNode = FALSE
	EndGlobalSection
	GlobalSection(ExtensibilityGlobals) = postSolution
		SolutionGuid = {30F444A8-573C-451A-BC45-4F38302A7306}
	EndGlobalSection
EndGlobal
